// !$*UTF8*$!
{
	archiveVersion = 1;
	classes = {
	};
	objectVersion = 55;
	objects = {

/* Begin PBXBuildFile section */
		BF7428D1275883B400A7E13E /* main.swift in Sources */ = {isa = PBXBuildFile; fileRef = BF7428D0275883B400A7E13E /* main.swift */; };
		BF7428D92758846F00A7E13E /* Algorithms in Frameworks */ = {isa = PBXBuildFile; productRef = BF7428D82758846F00A7E13E /* Algorithms */; };
		BF7428DC275929C500A7E13E /* AdventOfCode.swift in Sources */ = {isa = PBXBuildFile; fileRef = BF7428DB275929C500A7E13E /* AdventOfCode.swift */; };
		BF7428DE275929EC00A7E13E /* DayOne.swift in Sources */ = {isa = PBXBuildFile; fileRef = BF7428DD275929EC00A7E13E /* DayOne.swift */; };
		BF7428E027592A3500A7E13E /* String.swift in Sources */ = {isa = PBXBuildFile; fileRef = BF7428DF27592A3500A7E13E /* String.swift */; };
		BF7428E327592BD000A7E13E /* Day.swift in Sources */ = {isa = PBXBuildFile; fileRef = BF7428E227592BD000A7E13E /* Day.swift */; };
		BF7428E627592C5500A7E13E /* DayTwo.swift in Sources */ = {isa = PBXBuildFile; fileRef = BF7428E527592C5500A7E13E /* DayTwo.swift */; };
		BF7428E82759318C00A7E13E /* DayThree.swift in Sources */ = {isa = PBXBuildFile; fileRef = BF7428E72759318C00A7E13E /* DayThree.swift */; };
/* End PBXBuildFile section */

/* Begin PBXCopyFilesBuildPhase section */
		BF7428CB275883B400A7E13E /* CopyFiles */ = {
			isa = PBXCopyFilesBuildPhase;
			buildActionMask = 2147483647;
			dstPath = /usr/share/man/man1/;
			dstSubfolderSpec = 0;
			files = (
			);
			runOnlyForDeploymentPostprocessing = 1;
		};
/* End PBXCopyFilesBuildPhase section */

/* Begin PBXFileReference section */
		BF7428CD275883B400A7E13E /* AOC2021 */ = {isa = PBXFileReference; explicitFileType = "compiled.mach-o.executable"; includeInIndex = 0; path = AOC2021; sourceTree = BUILT_PRODUCTS_DIR; };
		BF7428D0275883B400A7E13E /* main.swift */ = {isa = PBXFileReference; lastKnownFileType = sourcecode.swift; path = main.swift; sourceTree = "<group>"; };
		BF7428DA27588B7000A7E13E /* dayTwo.txt */ = {isa = PBXFileReference; fileEncoding = 4; lastKnownFileType = text; path = dayTwo.txt; sourceTree = "<group>"; };
		BF7428DB275929C500A7E13E /* AdventOfCode.swift */ = {isa = PBXFileReference; lastKnownFileType = sourcecode.swift; path = AdventOfCode.swift; sourceTree = "<group>"; };
		BF7428DD275929EC00A7E13E /* DayOne.swift */ = {isa = PBXFileReference; lastKnownFileType = sourcecode.swift; path = DayOne.swift; sourceTree = "<group>"; };
		BF7428DF27592A3500A7E13E /* String.swift */ = {isa = PBXFileReference; lastKnownFileType = sourcecode.swift; path = String.swift; sourceTree = "<group>"; };
		BF7428E127592AA000A7E13E /* dayOne.txt */ = {isa = PBXFileReference; lastKnownFileType = text; path = dayOne.txt; sourceTree = "<group>"; };
		BF7428E227592BD000A7E13E /* Day.swift */ = {isa = PBXFileReference; lastKnownFileType = sourcecode.swift; path = Day.swift; sourceTree = "<group>"; };
		BF7428E527592C5500A7E13E /* DayTwo.swift */ = {isa = PBXFileReference; lastKnownFileType = sourcecode.swift; path = DayTwo.swift; sourceTree = "<group>"; };
		BF7428E72759318C00A7E13E /* DayThree.swift */ = {isa = PBXFileReference; lastKnownFileType = sourcecode.swift; path = DayThree.swift; sourceTree = "<group>"; };
		BF7428E9275931C000A7E13E /* dayThree.txt */ = {isa = PBXFileReference; fileEncoding = 4; lastKnownFileType = text; path = dayThree.txt; sourceTree = "<group>"; };
/* End PBXFileReference section */

/* Begin PBXFrameworksBuildPhase section */
		BF7428CA275883B400A7E13E /* Frameworks */ = {
			isa = PBXFrameworksBuildPhase;
			buildActionMask = 2147483647;
			files = (
				BF7428D92758846F00A7E13E /* Algorithms in Frameworks */,
			);
			runOnlyForDeploymentPostprocessing = 0;
		};
/* End PBXFrameworksBuildPhase section */

/* Begin PBXGroup section */
		BF7428C4275883B400A7E13E = {
			isa = PBXGroup;
			children = (
				BF7428CF275883B400A7E13E /* AOC2021 */,
				BF7428CE275883B400A7E13E /* Products */,
			);
			sourceTree = "<group>";
		};
		BF7428CE275883B400A7E13E /* Products */ = {
			isa = PBXGroup;
			children = (
				BF7428CD275883B400A7E13E /* AOC2021 */,
			);
			name = Products;
			sourceTree = "<group>";
		};
		BF7428CF275883B400A7E13E /* AOC2021 */ = {
			isa = PBXGroup;
			children = (
				BF7428E427592C2200A7E13E /* Inputs */,
				BF7428D0275883B400A7E13E /* main.swift */,
				BF7428DB275929C500A7E13E /* AdventOfCode.swift */,
				BF7428DD275929EC00A7E13E /* DayOne.swift */,
				BF7428E72759318C00A7E13E /* DayThree.swift */,
				BF7428E527592C5500A7E13E /* DayTwo.swift */,
				BF7428DF27592A3500A7E13E /* String.swift */,
				BF7428E227592BD000A7E13E /* Day.swift */,
			);
			path = AOC2021;
			sourceTree = "<group>";
		};
		BF7428E427592C2200A7E13E /* Inputs */ = {
			isa = PBXGroup;
			children = (
				BF7428DA27588B7000A7E13E /* dayTwo.txt */,
				BF7428E9275931C000A7E13E /* dayThree.txt */,
				BF7428E127592AA000A7E13E /* dayOne.txt */,
			);
			path = Inputs;
			sourceTree = "<group>";
		};
/* End PBXGroup section */

/* Begin PBXNativeTarget section */
		BF7428CC275883B400A7E13E /* AOC2021 */ = {
			isa = PBXNativeTarget;
			buildConfigurationList = BF7428D4275883B400A7E13E /* Build configuration list for PBXNativeTarget "AOC2021" */;
			buildPhases = (
				BF7428C9275883B400A7E13E /* Sources */,
				BF7428CA275883B400A7E13E /* Frameworks */,
				BF7428CB275883B400A7E13E /* CopyFiles */,
			);
			buildRules = (
			);
			dependencies = (
			);
			name = AOC2021;
			packageProductDependencies = (
				BF7428D82758846F00A7E13E /* Algorithms */,
			);
			productName = AOC2021;
			productReference = BF7428CD275883B400A7E13E /* AOC2021 */;
			productType = "com.apple.product-type.tool";
		};
/* End PBXNativeTarget section */

/* Begin PBXProject section */
		BF7428C5275883B400A7E13E /* Project object */ = {
			isa = PBXProject;
			attributes = {
				BuildIndependentTargetsInParallel = 1;
				LastSwiftUpdateCheck = 1310;
				LastUpgradeCheck = 1310;
				TargetAttributes = {
					BF7428CC275883B400A7E13E = {
						CreatedOnToolsVersion = 13.1;
					};
				};
			};
			buildConfigurationList = BF7428C8275883B400A7E13E /* Build configuration list for PBXProject "AOC2021" */;
			compatibilityVersion = "Xcode 13.0";
			developmentRegion = en;
			hasScannedForEncodings = 0;
			knownRegions = (
				en,
				Base,
			);
			mainGroup = BF7428C4275883B400A7E13E;
			packageReferences = (
				BF7428D72758846F00A7E13E /* XCRemoteSwiftPackageReference "swift-algorithms" */,
			);
			productRefGroup = BF7428CE275883B400A7E13E /* Products */;
			projectDirPath = "";
			projectRoot = "";
			targets = (
				BF7428CC275883B400A7E13E /* AOC2021 */,
			);
		};
/* End PBXProject section */

/* Begin PBXSourcesBuildPhase section */
		BF7428C9275883B400A7E13E /* Sources */ = {
			isa = PBXSourcesBuildPhase;
			buildActionMask = 2147483647;
			files = (
				BF7428D1275883B400A7E13E /* main.swift in Sources */,
				BF7428E627592C5500A7E13E /* DayTwo.swift in Sources */,
				BF7428E82759318C00A7E13E /* DayThree.swift in Sources */,
				BF7428DC275929C500A7E13E /* AdventOfCode.swift in Sources */,
				BF7428E027592A3500A7E13E /* String.swift in Sources */,
				BF7428E327592BD000A7E13E /* Day.swift in Sources */,
				BF7428DE275929EC00A7E13E /* DayOne.swift in Sources */,
			);
			runOnlyForDeploymentPostprocessing = 0;
		};
/* End PBXSourcesBuildPhase section */

/* Begin XCBuildConfiguration section */
		BF7428D2275883B400A7E13E /* Debug */ = {
			isa = XCBuildConfiguration;
			buildSettings = {
				ALWAYS_SEARCH_USER_PATHS = NO;
				CLANG_ANALYZER_NONNULL = YES;
				CLANG_ANALYZER_NUMBER_OBJECT_CONVERSION = YES_AGGRESSIVE;
				CLANG_CXX_LANGUAGE_STANDARD = "gnu++17";
				CLANG_CXX_LIBRARY = "libc++";
				CLANG_ENABLE_MODULES = YES;
				CLANG_ENABLE_OBJC_ARC = YES;
				CLANG_ENABLE_OBJC_WEAK = YES;
				CLANG_WARN_BLOCK_CAPTURE_AUTORELEASING = YES;
				CLANG_WARN_BOOL_CONVERSION = YES;
				CLANG_WARN_COMMA = YES;
				CLANG_WARN_CONSTANT_CONVERSION = YES;
				CLANG_WARN_DEPRECATED_OBJC_IMPLEMENTATIONS = YES;
				CLANG_WARN_DIRECT_OBJC_ISA_USAGE = YES_ERROR;
				CLANG_WARN_DOCUMENTATION_COMMENTS = YES;
				CLANG_WARN_EMPTY_BODY = YES;
				CLANG_WARN_ENUM_CONVERSION = YES;
				CLANG_WARN_INFINITE_RECURSION = YES;
				CLANG_WARN_INT_CONVERSION = YES;
				CLANG_WARN_NON_LITERAL_NULL_CONVERSION = YES;
				CLANG_WARN_OBJC_IMPLICIT_RETAIN_SELF = YES;
				CLANG_WARN_OBJC_LITERAL_CONVERSION = YES;
				CLANG_WARN_OBJC_ROOT_CLASS = YES_ERROR;
				CLANG_WARN_QUOTED_INCLUDE_IN_FRAMEWORK_HEADER = YES;
				CLANG_WARN_RANGE_LOOP_ANALYSIS = YES;
				CLANG_WARN_STRICT_PROTOTYPES = YES;
				CLANG_WARN_SUSPICIOUS_MOVE = YES;
				CLANG_WARN_UNGUARDED_AVAILABILITY = YES_AGGRESSIVE;
				CLANG_WARN_UNREACHABLE_CODE = YES;
				CLANG_WARN__DUPLICATE_METHOD_MATCH = YES;
				COPY_PHASE_STRIP = NO;
				DEBUG_INFORMATION_FORMAT = dwarf;
				ENABLE_STRICT_OBJC_MSGSEND = YES;
				ENABLE_TESTABILITY = YES;
				GCC_C_LANGUAGE_STANDARD = gnu11;
				GCC_DYNAMIC_NO_PIC = NO;
				GCC_NO_COMMON_BLOCKS = YES;
				GCC_OPTIMIZATION_LEVEL = 0;
				GCC_PREPROCESSOR_DEFINITIONS = (
					"DEBUG=1",
					"$(inherited)",
				);
				GCC_WARN_64_TO_32_BIT_CONVERSION = YES;
				GCC_WARN_ABOUT_RETURN_TYPE = YES_ERROR;
				GCC_WARN_UNDECLARED_SELECTOR = YES;
				GCC_WARN_UNINITIALIZED_AUTOS = YES_AGGRESSIVE;
				GCC_WARN_UNUSED_FUNCTION = YES;
				GCC_WARN_UNUSED_VARIABLE = YES;
				MACOSX_DEPLOYMENT_TARGET = 12.0;
				MTL_ENABLE_DEBUG_INFO = INCLUDE_SOURCE;
				MTL_FAST_MATH = YES;
				ONLY_ACTIVE_ARCH = YES;
				SDKROOT = macosx;
				SWIFT_ACTIVE_COMPILATION_CONDITIONS = DEBUG;
				SWIFT_OPTIMIZATION_LEVEL = "-Onone";
			};
			name = Debug;
		};
		BF7428D3275883B400A7E13E /* Release */ = {
			isa = XCBuildConfiguration;
			buildSettings = {
				ALWAYS_SEARCH_USER_PATHS = NO;
				CLANG_ANALYZER_NONNULL = YES;
				CLANG_ANALYZER_NUMBER_OBJECT_CONVERSION = YES_AGGRESSIVE;
				CLANG_CXX_LANGUAGE_STANDARD = "gnu++17";
				CLANG_CXX_LIBRARY = "libc++";
				CLANG_ENABLE_MODULES = YES;
				CLANG_ENABLE_OBJC_ARC = YES;
				CLANG_ENABLE_OBJC_WEAK = YES;
				CLANG_WARN_BLOCK_CAPTURE_AUTORELEASING = YES;
				CLANG_WARN_BOOL_CONVERSION = YES;
				CLANG_WARN_COMMA = YES;
				CLANG_WARN_CONSTANT_CONVERSION = YES;
				CLANG_WARN_DEPRECATED_OBJC_IMPLEMENTATIONS = YES;
				CLANG_WARN_DIRECT_OBJC_ISA_USAGE = YES_ERROR;
				CLANG_WARN_DOCUMENTATION_COMMENTS = YES;
				CLANG_WARN_EMPTY_BODY = YES;
				CLANG_WARN_ENUM_CONVERSION = YES;
				CLANG_WARN_INFINITE_RECURSION = YES;
				CLANG_WARN_INT_CONVERSION = YES;
				CLANG_WARN_NON_LITERAL_NULL_CONVERSION = YES;
				CLANG_WARN_OBJC_IMPLICIT_RETAIN_SELF = YES;
				CLANG_WARN_OBJC_LITERAL_CONVERSION = YES;
				CLANG_WARN_OBJC_ROOT_CLASS = YES_ERROR;
				CLANG_WARN_QUOTED_INCLUDE_IN_FRAMEWORK_HEADER = YES;
				CLANG_WARN_RANGE_LOOP_ANALYSIS = YES;
				CLANG_WARN_STRICT_PROTOTYPES = YES;
				CLANG_WARN_SUSPICIOUS_MOVE = YES;
				CLANG_WARN_UNGUARDED_AVAILABILITY = YES_AGGRESSIVE;
				CLANG_WARN_UNREACHABLE_CODE = YES;
				CLANG_WARN__DUPLICATE_METHOD_MATCH = YES;
				COPY_PHASE_STRIP = NO;
				DEBUG_INFORMATION_FORMAT = "dwarf-with-dsym";
				ENABLE_NS_ASSERTIONS = NO;
				ENABLE_STRICT_OBJC_MSGSEND = YES;
				GCC_C_LANGUAGE_STANDARD = gnu11;
				GCC_NO_COMMON_BLOCKS = YES;
				GCC_WARN_64_TO_32_BIT_CONVERSION = YES;
				GCC_WARN_ABOUT_RETURN_TYPE = YES_ERROR;
				GCC_WARN_UNDECLARED_SELECTOR = YES;
				GCC_WARN_UNINITIALIZED_AUTOS = YES_AGGRESSIVE;
				GCC_WARN_UNUSED_FUNCTION = YES;
				GCC_WARN_UNUSED_VARIABLE = YES;
				MACOSX_DEPLOYMENT_TARGET = 12.0;
				MTL_ENABLE_DEBUG_INFO = NO;
				MTL_FAST_MATH = YES;
				SDKROOT = macosx;
				SWIFT_COMPILATION_MODE = wholemodule;
				SWIFT_OPTIMIZATION_LEVEL = "-O";
			};
			name = Release;
		};
		BF7428D5275883B400A7E13E /* Debug */ = {
			isa = XCBuildConfiguration;
			buildSettings = {
				CODE_SIGN_STYLE = Automatic;
				DEVELOPMENT_TEAM = 8J34B2C37G;
				ENABLE_HARDENED_RUNTIME = YES;
				PRODUCT_NAME = "$(TARGET_NAME)";
				SWIFT_VERSION = 5.0;
			};
			name = Debug;
		};
		BF7428D6275883B400A7E13E /* Release */ = {
			isa = XCBuildConfiguration;
			buildSettings = {
				CODE_SIGN_STYLE = Automatic;
				DEVELOPMENT_TEAM = 8J34B2C37G;
				ENABLE_HARDENED_RUNTIME = YES;
				PRODUCT_NAME = "$(TARGET_NAME)";
				SWIFT_VERSION = 5.0;
			};
			name = Release;
		};
/* End XCBuildConfiguration section */

/* Begin XCConfigurationList section */
		BF7428C8275883B400A7E13E /* Build configuration list for PBXProject "AOC2021" */ = {
			isa = XCConfigurationList;
			buildConfigurations = (
				BF7428D2275883B400A7E13E /* Debug */,
				BF7428D3275883B400A7E13E /* Release */,
			);
			defaultConfigurationIsVisible = 0;
			defaultConfigurationName = Release;
		};
		BF7428D4275883B400A7E13E /* Build configuration list for PBXNativeTarget "AOC2021" */ = {
			isa = XCConfigurationList;
			buildConfigurations = (
				BF7428D5275883B400A7E13E /* Debug */,
				BF7428D6275883B400A7E13E /* Release */,
			);
			defaultConfigurationIsVisible = 0;
			defaultConfigurationName = Release;
		};
/* End XCConfigurationList section */

/* Begin XCRemoteSwiftPackageReference section */
		BF7428D72758846F00A7E13E /* XCRemoteSwiftPackageReference "swift-algorithms" */ = {
			isa = XCRemoteSwiftPackageReference;
			repositoryURL = "https://github.com/apple/swift-algorithms.git";
			requirement = {
				kind = upToNextMajorVersion;
				minimumVersion = 1.0.0;
			};
		};
/* End XCRemoteSwiftPackageReference section */

/* Begin XCSwiftPackageProductDependency section */
		BF7428D82758846F00A7E13E /* Algorithms */ = {
			isa = XCSwiftPackageProductDependency;
			package = BF7428D72758846F00A7E13E /* XCRemoteSwiftPackageReference "swift-algorithms" */;
			productName = Algorithms;
		};
/* End XCSwiftPackageProductDependency section */
	};
	rootObject = BF7428C5275883B400A7E13E /* Project object */;
}
